
Microsoft Visual Studio Solution File, Format Version 12.00
# Visual Studio 16
Project("{FAE04EC0-301F-11D3-BF4B-00C04F79EFBC}") = "Assembly-CSharp", "Assembly-CSharp.csproj", "{0828D33A-E873-1C89-FA5C-7E455D0C68D7}"
EndProject
Global
	GlobalSection(SolutionConfigurationPlatforms) = preSolution
		Debug|Any CPU = Debug|Any CPU
		Release|Any CPU = Release|Any CPU
	EndGlobalSection
	GlobalSection(ProjectConfigurationPlatforms) = postSolution
		{0828D33A-E873-1C89-FA5C-7E455D0C68D7}.Debug|Any CPU.ActiveCfg = Debug|Any CPU
		{0828D33A-E873-1C89-FA5C-7E455D0C68D7}.Debug|Any CPU.Build.0 = Debug|Any CPU
		{0828D33A-E873-1C89-FA5C-7E455D0C68D7}.Release|Any CPU.ActiveCfg = Release|Any CPU
		{0828D33A-E873-1C89-FA5C-7E455D0C68D7}.Release|Any CPU.Build.0 = Release|Any CPU
	EndGlobalSection
	GlobalSection(SolutionProperties) = preSolution
		HideSolutionNode = FALSE
	EndGlobalSection
EndGlobal
